
Microsoft Visual Studio Solution File, Format Version 12.00
# Visual Studio Version 16
VisualStudioVersion = 16.0.30907.101
MinimumVisualStudioVersion = 10.0.40219.1
Project("{FAE04EC0-301F-11D3-BF4B-00C04F79EFBC}") = "Entities", "Entities\Entities.csproj", "{EAC964A1-AF79-4F4C-B3A1-0E118C278C0A}"
EndProject
Project("{FAE04EC0-301F-11D3-BF4B-00C04F79EFBC}") = "Core", "Core\Core.csproj", "{7A821803-00DD-42D0-90D0-03C88E1906E4}"
EndProject
Project("{FAE04EC0-301F-11D3-BF4B-00C04F79EFBC}") = "DataAccess", "DataAccess\DataAccess.csproj", "{D7E327B0-82EE-4BC0-A769-3A107D24EFCE}"
EndProject
Global
	GlobalSection(SolutionConfigurationPlatforms) = preSolution
		Debug|Any CPU = Debug|Any CPU
		Release|Any CPU = Release|Any CPU
	EndGlobalSection
	GlobalSection(ProjectConfigurationPlatforms) = postSolution
		{EAC964A1-AF79-4F4C-B3A1-0E118C278C0A}.Debug|Any CPU.ActiveCfg = Debug|Any CPU
		{EAC964A1-AF79-4F4C-B3A1-0E118C278C0A}.Debug|Any CPU.Build.0 = Debug|Any CPU
		{EAC964A1-AF79-4F4C-B3A1-0E118C278C0A}.Release|Any CPU.ActiveCfg = Release|Any CPU
		{EAC964A1-AF79-4F4C-B3A1-0E118C278C0A}.Release|Any CPU.Build.0 = Release|Any CPU
		{7A821803-00DD-42D0-90D0-03C88E1906E4}.Debug|Any CPU.ActiveCfg = Debug|Any CPU
		{7A821803-00DD-42D0-90D0-03C88E1906E4}.Debug|Any CPU.Build.0 = Debug|Any CPU
		{7A821803-00DD-42D0-90D0-03C88E1906E4}.Release|Any CPU.ActiveCfg = Release|Any CPU
		{7A821803-00DD-42D0-90D0-03C88E1906E4}.Release|Any CPU.Build.0 = Release|Any CPU
		{D7E327B0-82EE-4BC0-A769-3A107D24EFCE}.Debug|Any CPU.ActiveCfg = Debug|Any CPU
		{D7E327B0-82EE-4BC0-A769-3A107D24EFCE}.Debug|Any CPU.Build.0 = Debug|Any CPU
		{D7E327B0-82EE-4BC0-A769-3A107D24EFCE}.Release|Any CPU.ActiveCfg = Release|Any CPU
		{D7E327B0-82EE-4BC0-A769-3A107D24EFCE}.Release|Any CPU.Build.0 = Release|Any CPU
	EndGlobalSection
	GlobalSection(SolutionProperties) = preSolution
		HideSolutionNode = FALSE
	EndGlobalSection
	GlobalSection(ExtensibilityGlobals) = postSolution
		SolutionGuid = {0073CCAB-E7CD-41EF-83D7-6DE7F236EF83}
	EndGlobalSection
EndGlobal
